
Microsoft Visual Studio Solution File, Format Version 12.00
# Visual Studio Version 16
VisualStudioVersion = 16.0.29306.81
MinimumVisualStudioVersion = 10.0.40219.1
Project("{9A19103F-16F7-4668-BE54-9A1E7A4F7556}") = "ParcelDelivery.API", "ParcelDelivery.API\ParcelDelivery.API.csproj", "{DC43CD40-5DA8-41CB-A622-1D9398980A1D}"
EndProject
Project("{9A19103F-16F7-4668-BE54-9A1E7A4F7556}") = "ParcelDelivery.Domain", "ParcelDelivery.Domain\ParcelDelivery.Domain.csproj", "{05AECE91-58B5-4282-BF16-8458EEE6F772}"
EndProject
Project("{9A19103F-16F7-4668-BE54-9A1E7A4F7556}") = "ParcelDelivery.Services", "ParcelDelivery.Services\ParcelDelivery.Services.csproj", "{019E146A-2C72-4311-937D-50F8B1DA202F}"
EndProject
Project("{9A19103F-16F7-4668-BE54-9A1E7A4F7556}") = "ParcelDelivery.Infrastructure", "ParcelDelivery.Infrastructure\ParcelDelivery.Infrastructure.csproj", "{A684BD4D-76E6-449E-9FC8-C0B61FB49912}"
EndProject
Project("{9A19103F-16F7-4668-BE54-9A1E7A4F7556}") = "ParcelDelivery.Tests", "ParcelDelivery.Tests\ParcelDelivery.Tests.csproj", "{ED74616C-331E-46A4-B744-37317BBF034A}"
EndProject
Global
	GlobalSection(SolutionConfigurationPlatforms) = preSolution
		Debug|Any CPU = Debug|Any CPU
		Release|Any CPU = Release|Any CPU
	EndGlobalSection
	GlobalSection(ProjectConfigurationPlatforms) = postSolution
		{DC43CD40-5DA8-41CB-A622-1D9398980A1D}.Debug|Any CPU.ActiveCfg = Debug|Any CPU
		{DC43CD40-5DA8-41CB-A622-1D9398980A1D}.Debug|Any CPU.Build.0 = Debug|Any CPU
		{DC43CD40-5DA8-41CB-A622-1D9398980A1D}.Release|Any CPU.ActiveCfg = Release|Any CPU
		{DC43CD40-5DA8-41CB-A622-1D9398980A1D}.Release|Any CPU.Build.0 = Release|Any CPU
		{05AECE91-58B5-4282-BF16-8458EEE6F772}.Debug|Any CPU.ActiveCfg = Debug|Any CPU
		{05AECE91-58B5-4282-BF16-8458EEE6F772}.Debug|Any CPU.Build.0 = Debug|Any CPU
		{05AECE91-58B5-4282-BF16-8458EEE6F772}.Release|Any CPU.ActiveCfg = Release|Any CPU
		{05AECE91-58B5-4282-BF16-8458EEE6F772}.Release|Any CPU.Build.0 = Release|Any CPU
		{019E146A-2C72-4311-937D-50F8B1DA202F}.Debug|Any CPU.ActiveCfg = Debug|Any CPU
		{019E146A-2C72-4311-937D-50F8B1DA202F}.Debug|Any CPU.Build.0 = Debug|Any CPU
		{019E146A-2C72-4311-937D-50F8B1DA202F}.Release|Any CPU.ActiveCfg = Release|Any CPU
		{019E146A-2C72-4311-937D-50F8B1DA202F}.Release|Any CPU.Build.0 = Release|Any CPU
		{A684BD4D-76E6-449E-9FC8-C0B61FB49912}.Debug|Any CPU.ActiveCfg = Debug|Any CPU
		{A684BD4D-76E6-449E-9FC8-C0B61FB49912}.Debug|Any CPU.Build.0 = Debug|Any CPU
		{A684BD4D-76E6-449E-9FC8-C0B61FB49912}.Release|Any CPU.ActiveCfg = Release|Any CPU
		{A684BD4D-76E6-449E-9FC8-C0B61FB49912}.Release|Any CPU.Build.0 = Release|Any CPU
		{ED74616C-331E-46A4-B744-37317BBF034A}.Debug|Any CPU.ActiveCfg = Debug|Any CPU
		{ED74616C-331E-46A4-B744-37317BBF034A}.Debug|Any CPU.Build.0 = Debug|Any CPU
		{ED74616C-331E-46A4-B744-37317BBF034A}.Release|Any CPU.ActiveCfg = Release|Any CPU
		{ED74616C-331E-46A4-B744-37317BBF034A}.Release|Any CPU.Build.0 = Release|Any CPU
	EndGlobalSection
	GlobalSection(SolutionProperties) = preSolution
		HideSolutionNode = FALSE
	EndGlobalSection
	GlobalSection(ExtensibilityGlobals) = postSolution
		SolutionGuid = {8D20EB0C-A29B-49D8-8283-374602A8E7A7}
	EndGlobalSection
EndGlobal
